// !$*UTF8*$!
{
	archiveVersion = 1;
	classes = {
	};
	objectVersion = 46;
	objects = {

/* Begin PBXBuildFile section */
		5B02AF091431362200FF0C8A /* Foundation.framework in Frameworks */ = {isa = PBXBuildFile; fileRef = 5B02AF081431362200FF0C8A /* Foundation.framework */; };
		5B02AF0C1431362200FF0C8A /* main.m in Sources */ = {isa = PBXBuildFile; fileRef = 5B02AF0B1431362200FF0C8A /* main.m */; };
		5B02AF101431362200FF0C8A /* BugzillaService.1 in CopyFiles */ = {isa = PBXBuildFile; fileRef = 5B02AF0F1431362200FF0C8A /* BugzillaService.1 */; };
/* End PBXBuildFile section */

/* Begin PBXCopyFilesBuildPhase section */
		5B02AF021431362200FF0C8A /* CopyFiles */ = {
			isa = PBXCopyFilesBuildPhase;
			buildActionMask = 2147483647;
			dstPath = /usr/share/man/man1/;
			dstSubfolderSpec = 0;
			files = (
				5B02AF101431362200FF0C8A /* BugzillaService.1 in CopyFiles */,
			);
			runOnlyForDeploymentPostprocessing = 1;
		};
/* End PBXCopyFilesBuildPhase section */

/* Begin PBXFileReference section */
		5B02AF041431362200FF0C8A /* BugzillaService */ = {isa = PBXFileReference; explicitFileType = "compiled.mach-o.executable"; includeInIndex = 0; path = BugzillaService; sourceTree = BUILT_PRODUCTS_DIR; };
		5B02AF081431362200FF0C8A /* Foundation.framework */ = {isa = PBXFileReference; lastKnownFileType = wrapper.framework; name = Foundation.framework; path = System/Library/Frameworks/Foundation.framework; sourceTree = SDKROOT; };
		5B02AF0B1431362200FF0C8A /* main.m */ = {isa = PBXFileReference; lastKnownFileType = sourcecode.c.objc; path = main.m; sourceTree = "<group>"; };
		5B02AF0E1431362200FF0C8A /* BugzillaService-Prefix.pch */ = {isa = PBXFileReference; path = "BugzillaService-Prefix.pch"; sourceTree = "<group>"; };
		5B02AF0F1431362200FF0C8A /* BugzillaService.1 */ = {isa = PBXFileReference; lastKnownFileType = text.man; path = BugzillaService.1; sourceTree = "<group>"; };
/* End PBXFileReference section */

/* Begin PBXFrameworksBuildPhase section */
		5B02AF011431362200FF0C8A /* Frameworks */ = {
			isa = PBXFrameworksBuildPhase;
			buildActionMask = 2147483647;
			files = (
				5B02AF091431362200FF0C8A /* Foundation.framework in Frameworks */,
			);
			runOnlyForDeploymentPostprocessing = 0;
		};
/* End PBXFrameworksBuildPhase section */

/* Begin PBXGroup section */
		5B02AEF91431362200FF0C8A = {
			isa = PBXGroup;
			children = (
				5B02AF0A1431362200FF0C8A /* BugzillaService */,
				5B02AF071431362200FF0C8A /* Frameworks */,
				5B02AF051431362200FF0C8A /* Products */,
			);
			sourceTree = "<group>";
		};
		5B02AF051431362200FF0C8A /* Products */ = {
			isa = PBXGroup;
			children = (
				5B02AF041431362200FF0C8A /* BugzillaService */,
			);
			name = Products;
			sourceTree = "<group>";
		};
		5B02AF071431362200FF0C8A /* Frameworks */ = {
			isa = PBXGroup;
			children = (
				5B02AF081431362200FF0C8A /* Foundation.framework */,
			);
			name = Frameworks;
			sourceTree = "<group>";
		};
		5B02AF0A1431362200FF0C8A /* BugzillaService */ = {
			isa = PBXGroup;
			children = (
				5B02AF0B1431362200FF0C8A /* main.m */,
				5B02AF0F1431362200FF0C8A /* BugzillaService.1 */,
				5B02AF0D1431362200FF0C8A /* Supporting Files */,
			);
			path = BugzillaService;
			sourceTree = "<group>";
		};
		5B02AF0D1431362200FF0C8A /* Supporting Files */ = {
			isa = PBXGroup;
			children = (
				5B02AF0E1431362200FF0C8A /* BugzillaService-Prefix.pch */,
			);
			name = "Supporting Files";
			sourceTree = "<group>";
		};
/* End PBXGroup section */

/* Begin PBXNativeTarget section */
		5B02AF031431362200FF0C8A /* BugzillaService */ = {
			isa = PBXNativeTarget;
			buildConfigurationList = 5B02AF131431362200FF0C8A /* Build configuration list for PBXNativeTarget "BugzillaService" */;
			buildPhases = (
				5B02AF001431362200FF0C8A /* Sources */,
				5B02AF011431362200FF0C8A /* Frameworks */,
				5B02AF021431362200FF0C8A /* CopyFiles */,
			);
			buildRules = (
			);
			dependencies = (
			);
			name = BugzillaService;
			productName = BugzillaService;
			productReference = 5B02AF041431362200FF0C8A /* BugzillaService */;
			productType = "com.apple.product-type.tool";
		};
/* End PBXNativeTarget section */

/* Begin PBXProject section */
		5B02AEFB1431362200FF0C8A /* Project object */ = {
			isa = PBXProject;
			buildConfigurationList = 5B02AEFE1431362200FF0C8A /* Build configuration list for PBXProject "BugzillaService" */;
			compatibilityVersion = "Xcode 3.2";
			developmentRegion = English;
			hasScannedForEncodings = 0;
			knownRegions = (
				en,
			);
			mainGroup = 5B02AEF91431362200FF0C8A;
			productRefGroup = 5B02AF051431362200FF0C8A /* Products */;
			projectDirPath = "";
			projectRoot = "";
			targets = (
				5B02AF031431362200FF0C8A /* BugzillaService */,
			);
		};
/* End PBXProject section */

/* Begin PBXSourcesBuildPhase section */
		5B02AF001431362200FF0C8A /* Sources */ = {
			isa = PBXSourcesBuildPhase;
			buildActionMask = 2147483647;
			files = (
				5B02AF0C1431362200FF0C8A /* main.m in Sources */,
			);
			runOnlyForDeploymentPostprocessing = 0;
		};
/* End PBXSourcesBuildPhase section */

/* Begin XCBuildConfiguration section */
		5B02AF111431362200FF0C8A /* Debug */ = {
			isa = XCBuildConfiguration;
			buildSettings = {
				ALWAYS_SEARCH_USER_PATHS = NO;
				ARCHS = "$(ARCHS_STANDARD_64_BIT)";
				COPY_PHASE_STRIP = NO;
				GCC_C_LANGUAGE_STANDARD = gnu99;
				GCC_DYNAMIC_NO_PIC = NO;
				GCC_ENABLE_OBJC_EXCEPTIONS = YES;
				GCC_OPTIMIZATION_LEVEL = 0;
				GCC_PREPROCESSOR_DEFINITIONS = (
					"DEBUG=1",
					"$(inherited)",
				);
				GCC_SYMBOLS_PRIVATE_EXTERN = NO;
				GCC_VERSION = com.apple.compilers.llvm.clang.1_0;
				GCC_WARN_64_TO_32_BIT_CONVERSION = YES;
				GCC_WARN_ABOUT_MISSING_PROTOTYPES = YES;
				GCC_WARN_ABOUT_RETURN_TYPE = YES;
				GCC_WARN_UNUSED_VARIABLE = YES;
				MACOSX_DEPLOYMENT_TARGET = 10.7;
				ONLY_ACTIVE_ARCH = YES;
				SDKROOT = macosx;
			};
			name = Debug;
		};
		5B02AF121431362200FF0C8A /* Release */ = {
			isa = XCBuildConfiguration;
			buildSettings = {
				ALWAYS_SEARCH_USER_PATHS = NO;
				ARCHS = "$(ARCHS_STANDARD_64_BIT)";
				COPY_PHASE_STRIP = YES;
				DEBUG_INFORMATION_FORMAT = "dwarf-with-dsym";
				GCC_C_LANGUAGE_STANDARD = gnu99;
				GCC_ENABLE_OBJC_EXCEPTIONS = YES;
				GCC_VERSION = com.apple.compilers.llvm.clang.1_0;
				GCC_WARN_64_TO_32_BIT_CONVERSION = YES;
				GCC_WARN_ABOUT_MISSING_PROTOTYPES = YES;
				GCC_WARN_ABOUT_RETURN_TYPE = YES;
				GCC_WARN_UNUSED_VARIABLE = YES;
				MACOSX_DEPLOYMENT_TARGET = 10.7;
				SDKROOT = macosx;
			};
			name = Release;
		};
		5B02AF141431362200FF0C8A /* Debug */ = {
			isa = XCBuildConfiguration;
			buildSettings = {
				GCC_PRECOMPILE_PREFIX_HEADER = YES;
				GCC_PREFIX_HEADER = "BugzillaService/BugzillaService-Prefix.pch";
				PRODUCT_NAME = "$(TARGET_NAME)";
			};
			name = Debug;
		};
		5B02AF151431362200FF0C8A /* Release */ = {
			isa = XCBuildConfiguration;
			buildSettings = {
				GCC_PRECOMPILE_PREFIX_HEADER = YES;
				GCC_PREFIX_HEADER = "BugzillaService/BugzillaService-Prefix.pch";
				PRODUCT_NAME = "$(TARGET_NAME)";
			};
			name = Release;
		};
/* End XCBuildConfiguration section */

/* Begin XCConfigurationList section */
		5B02AEFE1431362200FF0C8A /* Build configuration list for PBXProject "BugzillaService" */ = {
			isa = XCConfigurationList;
			buildConfigurations = (
				5B02AF111431362200FF0C8A /* Debug */,
				5B02AF121431362200FF0C8A /* Release */,
			);
			defaultConfigurationIsVisible = 0;
			defaultConfigurationName = Release;
		};
		5B02AF131431362200FF0C8A /* Build configuration list for PBXNativeTarget "BugzillaService" */ = {
			isa = XCConfigurationList;
			buildConfigurations = (
				5B02AF141431362200FF0C8A /* Debug */,
				5B02AF151431362200FF0C8A /* Release */,
			);
			defaultConfigurationIsVisible = 0;
		};
/* End XCConfigurationList section */
	};
	rootObject = 5B02AEFB1431362200FF0C8A /* Project object */;
}
